
Microsoft Visual Studio Solution File, Format Version 12.00
# Visual Studio Version 16
VisualStudioVersion = 16.0.30011.22
MinimumVisualStudioVersion = 10.0.40219.1
Project("{FAE04EC0-301F-11D3-BF4B-00C04F79EFBC}") = "OTOPARK  ÖDEVİ", "OTOPARK  ÖDEVİ\OTOPARK  ÖDEVİ.csproj", "{63B2235F-54F5-4F98-B0A3-E277A0CF9414}"
EndProject
Global
	GlobalSection(SolutionConfigurationPlatforms) = preSolution
		Debug|Any CPU = Debug|Any CPU
		Release|Any CPU = Release|Any CPU
	EndGlobalSection
	GlobalSection(ProjectConfigurationPlatforms) = postSolution
		{63B2235F-54F5-4F98-B0A3-E277A0CF9414}.Debug|Any CPU.ActiveCfg = Debug|Any CPU
		{63B2235F-54F5-4F98-B0A3-E277A0CF9414}.Debug|Any CPU.Build.0 = Debug|Any CPU
		{63B2235F-54F5-4F98-B0A3-E277A0CF9414}.Release|Any CPU.ActiveCfg = Release|Any CPU
		{63B2235F-54F5-4F98-B0A3-E277A0CF9414}.Release|Any CPU.Build.0 = Release|Any CPU
	EndGlobalSection
	GlobalSection(SolutionProperties) = preSolution
		HideSolutionNode = FALSE
	EndGlobalSection
	GlobalSection(ExtensibilityGlobals) = postSolution
		SolutionGuid = {A7B3E7CE-BDA3-414D-8281-7BB04C44E21B}
	EndGlobalSection
EndGlobal
